
Microsoft Visual Studio Solution File, Format Version 12.00
# Visual Studio Version 16
VisualStudioVersion = 16.0.30413.136
MinimumVisualStudioVersion = 10.0.40219.1
Project("{FAE04EC0-301F-11D3-BF4B-00C04F79EFBC}") = "BookListRazor", "BookListRazor\BookListRazor.csproj", "{F9E28299-0584-4CCC-9E12-48B589A6AF3D}"
EndProject
Global
	GlobalSection(SolutionConfigurationPlatforms) = preSolution
		Debug|Any CPU = Debug|Any CPU
		Release|Any CPU = Release|Any CPU
	EndGlobalSection
	GlobalSection(ProjectConfigurationPlatforms) = postSolution
		{F9E28299-0584-4CCC-9E12-48B589A6AF3D}.Debug|Any CPU.ActiveCfg = Debug|Any CPU
		{F9E28299-0584-4CCC-9E12-48B589A6AF3D}.Debug|Any CPU.Build.0 = Debug|Any CPU
		{F9E28299-0584-4CCC-9E12-48B589A6AF3D}.Release|Any CPU.ActiveCfg = Release|Any CPU
		{F9E28299-0584-4CCC-9E12-48B589A6AF3D}.Release|Any CPU.Build.0 = Release|Any CPU
	EndGlobalSection
	GlobalSection(SolutionProperties) = preSolution
		HideSolutionNode = FALSE
	EndGlobalSection
	GlobalSection(ExtensibilityGlobals) = postSolution
		SolutionGuid = {B2B5C12A-AF1A-419A-8056-E8F0F90B7F62}
	EndGlobalSection
EndGlobal
